
Microsoft Visual Studio Solution File, Format Version 12.00
# Visual Studio 15
VisualStudioVersion = 15.0.26730.15
MinimumVisualStudioVersion = 10.0.40219.1
Project("{FAE04EC0-301F-11D3-BF4B-00C04F79EFBC}") = "LW6", "LW6\LW6.csproj", "{18193668-63AF-4231-9E3F-FD81A792B64B}"
EndProject
Global
	GlobalSection(SolutionConfigurationPlatforms) = preSolution
		Debug|Any CPU = Debug|Any CPU
		Release|Any CPU = Release|Any CPU
	EndGlobalSection
	GlobalSection(ProjectConfigurationPlatforms) = postSolution
		{18193668-63AF-4231-9E3F-FD81A792B64B}.Debug|Any CPU.ActiveCfg = Debug|Any CPU
		{18193668-63AF-4231-9E3F-FD81A792B64B}.Debug|Any CPU.Build.0 = Debug|Any CPU
		{18193668-63AF-4231-9E3F-FD81A792B64B}.Release|Any CPU.ActiveCfg = Release|Any CPU
		{18193668-63AF-4231-9E3F-FD81A792B64B}.Release|Any CPU.Build.0 = Release|Any CPU
	EndGlobalSection
	GlobalSection(SolutionProperties) = preSolution
		HideSolutionNode = FALSE
	EndGlobalSection
	GlobalSection(ExtensibilityGlobals) = postSolution
		SolutionGuid = {7A49D4B0-85F8-42C0-9A08-5859D4F21743}
	EndGlobalSection
EndGlobal
